
Microsoft Visual Studio Solution File, Format Version 12.00
# Visual Studio Version 16
VisualStudioVersion = 16.0.29613.14
MinimumVisualStudioVersion = 10.0.40219.1
Project("{FAE04EC0-301F-11D3-BF4B-00C04F79EFBC}") = "Moneybox.Client", "Moneybox.Client\Moneybox.Client.csproj", "{C7B722E2-54F4-4247-AB75-ECD8ACD6D876}"
EndProject
Global
	GlobalSection(SolutionConfigurationPlatforms) = preSolution
		Debug|Any CPU = Debug|Any CPU
		Release|Any CPU = Release|Any CPU
	EndGlobalSection
	GlobalSection(ProjectConfigurationPlatforms) = postSolution
		{C7B722E2-54F4-4247-AB75-ECD8ACD6D876}.Debug|Any CPU.ActiveCfg = Debug|Any CPU
		{C7B722E2-54F4-4247-AB75-ECD8ACD6D876}.Debug|Any CPU.Build.0 = Debug|Any CPU
		{C7B722E2-54F4-4247-AB75-ECD8ACD6D876}.Release|Any CPU.ActiveCfg = Release|Any CPU
		{C7B722E2-54F4-4247-AB75-ECD8ACD6D876}.Release|Any CPU.Build.0 = Release|Any CPU
	EndGlobalSection
	GlobalSection(SolutionProperties) = preSolution
		HideSolutionNode = FALSE
	EndGlobalSection
	GlobalSection(ExtensibilityGlobals) = postSolution
		SolutionGuid = {31D1C4E9-1B0C-4AF6-A005-0A10F9988BAF}
	EndGlobalSection
EndGlobal
